# This file was autogenerated by Stack.
# You should not edit this file by hand.
# For more information, please see the documentation at:
#   https://docs.haskellstack.org/en/stable/lock_files

packages: []
snapshots:
- completed:
    sha256: 6935ec7d6f8306ab967fd8edcc9d0773dfeee59345103cb021ebedacd19c5c6b
    size: 613125
    url: https://raw.githubusercontent.com/commercialhaskell/stackage-snapshots/master/nightly/2022/6/20.yaml
  original: nightly-2022-06-20
