# This file was autogenerated by Stack.
# You should not edit this file by hand.
# For more information, please see the documentation at:
#   https://docs.haskellstack.org/en/stable/lock_files

packages:
- completed:
    hackage: aeson-2.0.1.0@sha256:ee0847af4d1fb9ece3f24f443d8d8406431c32688a57880314ac36617da937eb,6229
    pantry-tree:
      size: 37910
      sha256: e7a9eec09f1ea56548b07c7e82b53bf32a974827ffc402d852c667b5f5d89efd
  original:
    hackage: aeson-2.0.1.0
- completed:
    hackage: conversion-1.2.1@sha256:8db4210950736e54be5cd7f7076c19e05d06fb48673eb23638093246a1e7199e,2155
    pantry-tree:
      size: 267
      sha256: f199f459ee8ab2ce5f41cb8199ca60a7ad4f7897a5c474e10126dff6035ca4e9
  original:
    hackage: conversion-1.2.1
- completed:
    hackage: conversion-bytestring-1.0.1@sha256:273d42b5fae89e38be49f9a871f8dc5665a706fc09027a0971e73becbddfce49,1628
    pantry-tree:
      size: 288
      sha256: 451772b543a3e637c38c4708be47cdf7d9309162ac682cd2b7027e7f6abbf1fd
  original:
    hackage: conversion-bytestring-1.0.1
- completed:
    hackage: conversion-text-1.0.1@sha256:6c93c9a8bd7c58816c89cb6a1d8d47796812fe1366d4c6af852183c6696dda75,1650
    pantry-tree:
      size: 276
      sha256: 7a68f015fead3427cd19d9976245956ee37dd842c976633e584fb842289ed0cf
  original:
    hackage: conversion-text-1.0.1
- completed:
    hackage: criterion-1.5.11.0@sha256:6536c82544fcf9a8a0d094b9f2e9520e65b6bd3f0f4dd4c3a931256b5ba2d3af,5273
    pantry-tree:
      size: 2265
      sha256: 7fed2241ec4abd3cadfb9a028d5c8f7b57000163872f6355a662a89aeb2bb7b1
  original:
    hackage: criterion-1.5.11.0
- completed:
    hackage: json-ast-0.3.1@sha256:b0338a0be2c1665f62003e40e3c6b422d2091f4b346234422631806380884af9,921
    pantry-tree:
      size: 209
      sha256: 6564a37b749c38715fd6969ee480d939f9006d90eff635d80af2c1fb0313b773
  original:
    hackage: json-ast-0.3.1
- completed:
    hackage: microstache-1.0.2@sha256:0ae5c4fb45beb6c539ea6c63b3763542263dffb72fe8c15072c2541ebf3c907e,2820
    pantry-tree:
      size: 1363
      sha256: 2cc3e8937548f2999002fd0a33a65d7239afaac9e2b5b5b1148a9b484b429765
  original:
    hackage: microstache-1.0.2
snapshots:
- completed:
    size: 584682
    url: https://raw.githubusercontent.com/commercialhaskell/stackage-snapshots/master/nightly/2021/10/7.yaml
    sha256: 29d036e9afa1456e06f7260c8fd6d4b2925fb066b5003591c3a10ba9de76acbd
  original: nightly-2021-10-07
